
Microsoft Visual Studio Solution File, Format Version 12.00
# Visual Studio 15
VisualStudioVersion = 15.0.28307.902
MinimumVisualStudioVersion = 10.0.40219.1
Project("{FAE04EC0-301F-11D3-BF4B-00C04F79EFBC}") = "Asm1", "Asm1\Asm1.csproj", "{47E024FC-8D57-46A6-A142-6673AB615F3B}"
EndProject
Global
	GlobalSection(SolutionConfigurationPlatforms) = preSolution
		Debug|Any CPU = Debug|Any CPU
		Release|Any CPU = Release|Any CPU
	EndGlobalSection
	GlobalSection(ProjectConfigurationPlatforms) = postSolution
		{47E024FC-8D57-46A6-A142-6673AB615F3B}.Debug|Any CPU.ActiveCfg = Debug|Any CPU
		{47E024FC-8D57-46A6-A142-6673AB615F3B}.Debug|Any CPU.Build.0 = Debug|Any CPU
		{47E024FC-8D57-46A6-A142-6673AB615F3B}.Release|Any CPU.ActiveCfg = Release|Any CPU
		{47E024FC-8D57-46A6-A142-6673AB615F3B}.Release|Any CPU.Build.0 = Release|Any CPU
	EndGlobalSection
	GlobalSection(SolutionProperties) = preSolution
		HideSolutionNode = FALSE
	EndGlobalSection
	GlobalSection(ExtensibilityGlobals) = postSolution
		SolutionGuid = {75979FF6-CA7D-46FD-A4F9-068007059589}
	EndGlobalSection
EndGlobal
